
Microsoft Visual Studio Solution File, Format Version 12.00
# Visual Studio 14
VisualStudioVersion = 14.0.25123.0
MinimumVisualStudioVersion = 10.0.40219.1
Project("{FAE04EC0-301F-11D3-BF4B-00C04F79EFBC}") = "FirmCrm.Database", "FirmCrm.Database\FirmCrm.Database.csproj", "{2262B8B6-B2CD-47F5-83D8-A97F339A0E46}"
EndProject
Project("{FAE04EC0-301F-11D3-BF4B-00C04F79EFBC}") = "FirmCrm.UI", "FirmCrm.UI\FirmCrm.UI.csproj", "{C5C89DCD-F196-472F-8FFF-8DEA73133BA6}"
EndProject
Global
	GlobalSection(SolutionConfigurationPlatforms) = preSolution
		Debug|Any CPU = Debug|Any CPU
		Release|Any CPU = Release|Any CPU
	EndGlobalSection
	GlobalSection(ProjectConfigurationPlatforms) = postSolution
		{2262B8B6-B2CD-47F5-83D8-A97F339A0E46}.Debug|Any CPU.ActiveCfg = Debug|Any CPU
		{2262B8B6-B2CD-47F5-83D8-A97F339A0E46}.Debug|Any CPU.Build.0 = Debug|Any CPU
		{2262B8B6-B2CD-47F5-83D8-A97F339A0E46}.Release|Any CPU.ActiveCfg = Release|Any CPU
		{2262B8B6-B2CD-47F5-83D8-A97F339A0E46}.Release|Any CPU.Build.0 = Release|Any CPU
		{C5C89DCD-F196-472F-8FFF-8DEA73133BA6}.Debug|Any CPU.ActiveCfg = Debug|Any CPU
		{C5C89DCD-F196-472F-8FFF-8DEA73133BA6}.Debug|Any CPU.Build.0 = Debug|Any CPU
		{C5C89DCD-F196-472F-8FFF-8DEA73133BA6}.Release|Any CPU.ActiveCfg = Release|Any CPU
		{C5C89DCD-F196-472F-8FFF-8DEA73133BA6}.Release|Any CPU.Build.0 = Release|Any CPU
	EndGlobalSection
	GlobalSection(SolutionProperties) = preSolution
		HideSolutionNode = FALSE
	EndGlobalSection
EndGlobal
